
Microsoft Visual Studio Solution File, Format Version 12.00
# Visual Studio Version 17
VisualStudioVersion = 17.3.32825.248
MinimumVisualStudioVersion = 10.0.40219.1
Project("{FAE04EC0-301F-11D3-BF4B-00C04F79EFBC}") = "ConsoleApp3", "ConsoleApp3\ConsoleApp3.csproj", "{FCC5D330-B491-4CF1-9816-011F499F6005}"
EndProject
Global
	GlobalSection(SolutionConfigurationPlatforms) = preSolution
		Debug|Any CPU = Debug|Any CPU
		Release|Any CPU = Release|Any CPU
	EndGlobalSection
	GlobalSection(ProjectConfigurationPlatforms) = postSolution
		{FCC5D330-B491-4CF1-9816-011F499F6005}.Debug|Any CPU.ActiveCfg = Debug|Any CPU
		{FCC5D330-B491-4CF1-9816-011F499F6005}.Debug|Any CPU.Build.0 = Debug|Any CPU
		{FCC5D330-B491-4CF1-9816-011F499F6005}.Release|Any CPU.ActiveCfg = Release|Any CPU
		{FCC5D330-B491-4CF1-9816-011F499F6005}.Release|Any CPU.Build.0 = Release|Any CPU
	EndGlobalSection
	GlobalSection(SolutionProperties) = preSolution
		HideSolutionNode = FALSE
	EndGlobalSection
	GlobalSection(ExtensibilityGlobals) = postSolution
		SolutionGuid = {1DDA4619-9D81-4F5C-9B8D-62394CCB6EF1}
	EndGlobalSection
EndGlobal
